// !$*UTF8*$!
{
	archiveVersion = 1;
	classes = {
	};
	objectVersion = 55;
	objects = {

/* Begin PBXBuildFile section */
		B2ED15B3279DD7BD0073015F /* TimerApp.swift in Sources */ = {isa = PBXBuildFile; fileRef = B2ED15B2279DD7BD0073015F /* TimerApp.swift */; };
		B2ED15B5279DD7BD0073015F /* ContentView.swift in Sources */ = {isa = PBXBuildFile; fileRef = B2ED15B4279DD7BD0073015F /* ContentView.swift */; };
		B2ED15B7279DD7C10073015F /* Assets.xcassets in Resources */ = {isa = PBXBuildFile; fileRef = B2ED15B6279DD7C10073015F /* Assets.xcassets */; };
		B2ED15BA279DD7C10073015F /* Preview Assets.xcassets in Resources */ = {isa = PBXBuildFile; fileRef = B2ED15B9279DD7C10073015F /* Preview Assets.xcassets */; };
		B2ED15C4279DD7C10073015F /* TimerTests.swift in Sources */ = {isa = PBXBuildFile; fileRef = B2ED15C3279DD7C10073015F /* TimerTests.swift */; };
		B2ED15CE279DD7C10073015F /* TimerUITests.swift in Sources */ = {isa = PBXBuildFile; fileRef = B2ED15CD279DD7C10073015F /* TimerUITests.swift */; };
		B2ED15D0279DD7C10073015F /* TimerUITestsLaunchTests.swift in Sources */ = {isa = PBXBuildFile; fileRef = B2ED15CF279DD7C10073015F /* TimerUITestsLaunchTests.swift */; };
/* End PBXBuildFile section */

/* Begin PBXContainerItemProxy section */
		B2ED15C0279DD7C10073015F /* PBXContainerItemProxy */ = {
			isa = PBXContainerItemProxy;
			containerPortal = B2ED15A7279DD7BD0073015F /* Project object */;
			proxyType = 1;
			remoteGlobalIDString = B2ED15AE279DD7BD0073015F;
			remoteInfo = Timer;
		};
		B2ED15CA279DD7C10073015F /* PBXContainerItemProxy */ = {
			isa = PBXContainerItemProxy;
			containerPortal = B2ED15A7279DD7BD0073015F /* Project object */;
			proxyType = 1;
			remoteGlobalIDString = B2ED15AE279DD7BD0073015F;
			remoteInfo = Timer;
		};
/* End PBXContainerItemProxy section */

/* Begin PBXFileReference section */
		B2ED15AF279DD7BD0073015F /* Timer.app */ = {isa = PBXFileReference; explicitFileType = wrapper.application; includeInIndex = 0; path = Timer.app; sourceTree = BUILT_PRODUCTS_DIR; };
		B2ED15B2279DD7BD0073015F /* TimerApp.swift */ = {isa = PBXFileReference; lastKnownFileType = sourcecode.swift; path = TimerApp.swift; sourceTree = "<group>"; };
		B2ED15B4279DD7BD0073015F /* ContentView.swift */ = {isa = PBXFileReference; lastKnownFileType = sourcecode.swift; path = ContentView.swift; sourceTree = "<group>"; };
		B2ED15B6279DD7C10073015F /* Assets.xcassets */ = {isa = PBXFileReference; lastKnownFileType = folder.assetcatalog; path = Assets.xcassets; sourceTree = "<group>"; };
		B2ED15B9279DD7C10073015F /* Preview Assets.xcassets */ = {isa = PBXFileReference; lastKnownFileType = folder.assetcatalog; path = "Preview Assets.xcassets"; sourceTree = "<group>"; };
		B2ED15BF279DD7C10073015F /* TimerTests.xctest */ = {isa = PBXFileReference; explicitFileType = wrapper.cfbundle; includeInIndex = 0; path = TimerTests.xctest; sourceTree = BUILT_PRODUCTS_DIR; };
		B2ED15C3279DD7C10073015F /* TimerTests.swift */ = {isa = PBXFileReference; lastKnownFileType = sourcecode.swift; path = TimerTests.swift; sourceTree = "<group>"; };
		B2ED15C9279DD7C10073015F /* TimerUITests.xctest */ = {isa = PBXFileReference; explicitFileType = wrapper.cfbundle; includeInIndex = 0; path = TimerUITests.xctest; sourceTree = BUILT_PRODUCTS_DIR; };
		B2ED15CD279DD7C10073015F /* TimerUITests.swift */ = {isa = PBXFileReference; lastKnownFileType = sourcecode.swift; path = TimerUITests.swift; sourceTree = "<group>"; };
		B2ED15CF279DD7C10073015F /* TimerUITestsLaunchTests.swift */ = {isa = PBXFileReference; lastKnownFileType = sourcecode.swift; path = TimerUITestsLaunchTests.swift; sourceTree = "<group>"; };
/* End PBXFileReference section */

/* Begin PBXFrameworksBuildPhase section */
		B2ED15AC279DD7BD0073015F /* Frameworks */ = {
			isa = PBXFrameworksBuildPhase;
			buildActionMask = 2147483647;
			files = (
			);
			runOnlyForDeploymentPostprocessing = 0;
		};
		B2ED15BC279DD7C10073015F /* Frameworks */ = {
			isa = PBXFrameworksBuildPhase;
			buildActionMask = 2147483647;
			files = (
			);
			runOnlyForDeploymentPostprocessing = 0;
		};
		B2ED15C6279DD7C10073015F /* Frameworks */ = {
			isa = PBXFrameworksBuildPhase;
			buildActionMask = 2147483647;
			files = (
			);
			runOnlyForDeploymentPostprocessing = 0;
		};
/* End PBXFrameworksBuildPhase section */

/* Begin PBXGroup section */
		B2ED15A6279DD7BD0073015F = {
			isa = PBXGroup;
			children = (
				B2ED15B1279DD7BD0073015F /* Timer */,
				B2ED15C2279DD7C10073015F /* TimerTests */,
				B2ED15CC279DD7C10073015F /* TimerUITests */,
				B2ED15B0279DD7BD0073015F /* Products */,
			);
			sourceTree = "<group>";
		};
		B2ED15B0279DD7BD0073015F /* Products */ = {
			isa = PBXGroup;
			children = (
				B2ED15AF279DD7BD0073015F /* Timer.app */,
				B2ED15BF279DD7C10073015F /* TimerTests.xctest */,
				B2ED15C9279DD7C10073015F /* TimerUITests.xctest */,
			);
			name = Products;
			sourceTree = "<group>";
		};
		B2ED15B1279DD7BD0073015F /* Timer */ = {
			isa = PBXGroup;
			children = (
				B2ED15B2279DD7BD0073015F /* TimerApp.swift */,
				B2ED15B4279DD7BD0073015F /* ContentView.swift */,
				B2ED15B6279DD7C10073015F /* Assets.xcassets */,
				B2ED15B8279DD7C10073015F /* Preview Content */,
			);
			path = Timer;
			sourceTree = "<group>";
		};
		B2ED15B8279DD7C10073015F /* Preview Content */ = {
			isa = PBXGroup;
			children = (
				B2ED15B9279DD7C10073015F /* Preview Assets.xcassets */,
			);
			path = "Preview Content";
			sourceTree = "<group>";
		};
		B2ED15C2279DD7C10073015F /* TimerTests */ = {
			isa = PBXGroup;
			children = (
				B2ED15C3279DD7C10073015F /* TimerTests.swift */,
			);
			path = TimerTests;
			sourceTree = "<group>";
		};
		B2ED15CC279DD7C10073015F /* TimerUITests */ = {
			isa = PBXGroup;
			children = (
				B2ED15CD279DD7C10073015F /* TimerUITests.swift */,
				B2ED15CF279DD7C10073015F /* TimerUITestsLaunchTests.swift */,
			);
			path = TimerUITests;
			sourceTree = "<group>";
		};
/* End PBXGroup section */

/* Begin PBXNativeTarget section */
		B2ED15AE279DD7BD0073015F /* Timer */ = {
			isa = PBXNativeTarget;
			buildConfigurationList = B2ED15D3279DD7C10073015F /* Build configuration list for PBXNativeTarget "Timer" */;
			buildPhases = (
				B2ED15AB279DD7BD0073015F /* Sources */,
				B2ED15AC279DD7BD0073015F /* Frameworks */,
				B2ED15AD279DD7BD0073015F /* Resources */,
			);
			buildRules = (
			);
			dependencies = (
			);
			name = Timer;
			productName = Timer;
			productReference = B2ED15AF279DD7BD0073015F /* Timer.app */;
			productType = "com.apple.product-type.application";
		};
		B2ED15BE279DD7C10073015F /* TimerTests */ = {
			isa = PBXNativeTarget;
			buildConfigurationList = B2ED15D6279DD7C10073015F /* Build configuration list for PBXNativeTarget "TimerTests" */;
			buildPhases = (
				B2ED15BB279DD7C10073015F /* Sources */,
				B2ED15BC279DD7C10073015F /* Frameworks */,
				B2ED15BD279DD7C10073015F /* Resources */,
			);
			buildRules = (
			);
			dependencies = (
				B2ED15C1279DD7C10073015F /* PBXTargetDependency */,
			);
			name = TimerTests;
			productName = TimerTests;
			productReference = B2ED15BF279DD7C10073015F /* TimerTests.xctest */;
			productType = "com.apple.product-type.bundle.unit-test";
		};
		B2ED15C8279DD7C10073015F /* TimerUITests */ = {
			isa = PBXNativeTarget;
			buildConfigurationList = B2ED15D9279DD7C10073015F /* Build configuration list for PBXNativeTarget "TimerUITests" */;
			buildPhases = (
				B2ED15C5279DD7C10073015F /* Sources */,
				B2ED15C6279DD7C10073015F /* Frameworks */,
				B2ED15C7279DD7C10073015F /* Resources */,
			);
			buildRules = (
			);
			dependencies = (
				B2ED15CB279DD7C10073015F /* PBXTargetDependency */,
			);
			name = TimerUITests;
			productName = TimerUITests;
			productReference = B2ED15C9279DD7C10073015F /* TimerUITests.xctest */;
			productType = "com.apple.product-type.bundle.ui-testing";
		};
/* End PBXNativeTarget section */

/* Begin PBXProject section */
		B2ED15A7279DD7BD0073015F /* Project object */ = {
			isa = PBXProject;
			attributes = {
				BuildIndependentTargetsInParallel = 1;
				LastSwiftUpdateCheck = 1320;
				LastUpgradeCheck = 1320;
				TargetAttributes = {
					B2ED15AE279DD7BD0073015F = {
						CreatedOnToolsVersion = 13.2.1;
					};
					B2ED15BE279DD7C10073015F = {
						CreatedOnToolsVersion = 13.2.1;
						TestTargetID = B2ED15AE279DD7BD0073015F;
					};
					B2ED15C8279DD7C10073015F = {
						CreatedOnToolsVersion = 13.2.1;
						TestTargetID = B2ED15AE279DD7BD0073015F;
					};
				};
			};
			buildConfigurationList = B2ED15AA279DD7BD0073015F /* Build configuration list for PBXProject "Timer" */;
			compatibilityVersion = "Xcode 13.0";
			developmentRegion = en;
			hasScannedForEncodings = 0;
			knownRegions = (
				en,
				Base,
			);
			mainGroup = B2ED15A6279DD7BD0073015F;
			productRefGroup = B2ED15B0279DD7BD0073015F /* Products */;
			projectDirPath = "";
			projectRoot = "";
			targets = (
				B2ED15AE279DD7BD0073015F /* Timer */,
				B2ED15BE279DD7C10073015F /* TimerTests */,
				B2ED15C8279DD7C10073015F /* TimerUITests */,
			);
		};
/* End PBXProject section */

/* Begin PBXResourcesBuildPhase section */
		B2ED15AD279DD7BD0073015F /* Resources */ = {
			isa = PBXResourcesBuildPhase;
			buildActionMask = 2147483647;
			files = (
				B2ED15BA279DD7C10073015F /* Preview Assets.xcassets in Resources */,
				B2ED15B7279DD7C10073015F /* Assets.xcassets in Resources */,
			);
			runOnlyForDeploymentPostprocessing = 0;
		};
		B2ED15BD279DD7C10073015F /* Resources */ = {
			isa = PBXResourcesBuildPhase;
			buildActionMask = 2147483647;
			files = (
			);
			runOnlyForDeploymentPostprocessing = 0;
		};
		B2ED15C7279DD7C10073015F /* Resources */ = {
			isa = PBXResourcesBuildPhase;
			buildActionMask = 2147483647;
			files = (
			);
			runOnlyForDeploymentPostprocessing = 0;
		};
/* End PBXResourcesBuildPhase section */

/* Begin PBXSourcesBuildPhase section */
		B2ED15AB279DD7BD0073015F /* Sources */ = {
			isa = PBXSourcesBuildPhase;
			buildActionMask = 2147483647;
			files = (
				B2ED15B5279DD7BD0073015F /* ContentView.swift in Sources */,
				B2ED15B3279DD7BD0073015F /* TimerApp.swift in Sources */,
			);
			runOnlyForDeploymentPostprocessing = 0;
		};
		B2ED15BB279DD7C10073015F /* Sources */ = {
			isa = PBXSourcesBuildPhase;
			buildActionMask = 2147483647;
			files = (
				B2ED15C4279DD7C10073015F /* TimerTests.swift in Sources */,
			);
			runOnlyForDeploymentPostprocessing = 0;
		};
		B2ED15C5279DD7C10073015F /* Sources */ = {
			isa = PBXSourcesBuildPhase;
			buildActionMask = 2147483647;
			files = (
				B2ED15D0279DD7C10073015F /* TimerUITestsLaunchTests.swift in Sources */,
				B2ED15CE279DD7C10073015F /* TimerUITests.swift in Sources */,
			);
			runOnlyForDeploymentPostprocessing = 0;
		};
/* End PBXSourcesBuildPhase section */

/* Begin PBXTargetDependency section */
		B2ED15C1279DD7C10073015F /* PBXTargetDependency */ = {
			isa = PBXTargetDependency;
			target = B2ED15AE279DD7BD0073015F /* Timer */;
			targetProxy = B2ED15C0279DD7C10073015F /* PBXContainerItemProxy */;
		};
		B2ED15CB279DD7C10073015F /* PBXTargetDependency */ = {
			isa = PBXTargetDependency;
			target = B2ED15AE279DD7BD0073015F /* Timer */;
			targetProxy = B2ED15CA279DD7C10073015F /* PBXContainerItemProxy */;
		};
/* End PBXTargetDependency section */

/* Begin XCBuildConfiguration section */
		B2ED15D1279DD7C10073015F /* Debug */ = {
			isa = XCBuildConfiguration;
			buildSettings = {
				ALWAYS_SEARCH_USER_PATHS = NO;
				CLANG_ANALYZER_NONNULL = YES;
				CLANG_ANALYZER_NUMBER_OBJECT_CONVERSION = YES_AGGRESSIVE;
				CLANG_CXX_LANGUAGE_STANDARD = "gnu++17";
				CLANG_CXX_LIBRARY = "libc++";
				CLANG_ENABLE_MODULES = YES;
				CLANG_ENABLE_OBJC_ARC = YES;
				CLANG_ENABLE_OBJC_WEAK = YES;
				CLANG_WARN_BLOCK_CAPTURE_AUTORELEASING = YES;
				CLANG_WARN_BOOL_CONVERSION = YES;
				CLANG_WARN_COMMA = YES;
				CLANG_WARN_CONSTANT_CONVERSION = YES;
				CLANG_WARN_DEPRECATED_OBJC_IMPLEMENTATIONS = YES;
				CLANG_WARN_DIRECT_OBJC_ISA_USAGE = YES_ERROR;
				CLANG_WARN_DOCUMENTATION_COMMENTS = YES;
				CLANG_WARN_EMPTY_BODY = YES;
				CLANG_WARN_ENUM_CONVERSION = YES;
				CLANG_WARN_INFINITE_RECURSION = YES;
				CLANG_WARN_INT_CONVERSION = YES;
				CLANG_WARN_NON_LITERAL_NULL_CONVERSION = YES;
				CLANG_WARN_OBJC_IMPLICIT_RETAIN_SELF = YES;
				CLANG_WARN_OBJC_LITERAL_CONVERSION = YES;
				CLANG_WARN_OBJC_ROOT_CLASS = YES_ERROR;
				CLANG_WARN_QUOTED_INCLUDE_IN_FRAMEWORK_HEADER = YES;
				CLANG_WARN_RANGE_LOOP_ANALYSIS = YES;
				CLANG_WARN_STRICT_PROTOTYPES = YES;
				CLANG_WARN_SUSPICIOUS_MOVE = YES;
				CLANG_WARN_UNGUARDED_AVAILABILITY = YES_AGGRESSIVE;
				CLANG_WARN_UNREACHABLE_CODE = YES;
				CLANG_WARN__DUPLICATE_METHOD_MATCH = YES;
				COPY_PHASE_STRIP = NO;
				DEBUG_INFORMATION_FORMAT = dwarf;
				ENABLE_STRICT_OBJC_MSGSEND = YES;
				ENABLE_TESTABILITY = YES;
				GCC_C_LANGUAGE_STANDARD = gnu11;
				GCC_DYNAMIC_NO_PIC = NO;
				GCC_NO_COMMON_BLOCKS = YES;
				GCC_OPTIMIZATION_LEVEL = 0;
				GCC_PREPROCESSOR_DEFINITIONS = (
					"DEBUG=1",
					"$(inherited)",
				);
				GCC_WARN_64_TO_32_BIT_CONVERSION = YES;
				GCC_WARN_ABOUT_RETURN_TYPE = YES_ERROR;
				GCC_WARN_UNDECLARED_SELECTOR = YES;
				GCC_WARN_UNINITIALIZED_AUTOS = YES_AGGRESSIVE;
				GCC_WARN_UNUSED_FUNCTION = YES;
				GCC_WARN_UNUSED_VARIABLE = YES;
				IPHONEOS_DEPLOYMENT_TARGET = 15.2;
				MTL_ENABLE_DEBUG_INFO = INCLUDE_SOURCE;
				MTL_FAST_MATH = YES;
				ONLY_ACTIVE_ARCH = YES;
				SDKROOT = iphoneos;
				SWIFT_ACTIVE_COMPILATION_CONDITIONS = DEBUG;
				SWIFT_OPTIMIZATION_LEVEL = "-Onone";
			};
			name = Debug;
		};
		B2ED15D2279DD7C10073015F /* Release */ = {
			isa = XCBuildConfiguration;
			buildSettings = {
				ALWAYS_SEARCH_USER_PATHS = NO;
				CLANG_ANALYZER_NONNULL = YES;
				CLANG_ANALYZER_NUMBER_OBJECT_CONVERSION = YES_AGGRESSIVE;
				CLANG_CXX_LANGUAGE_STANDARD = "gnu++17";
				CLANG_CXX_LIBRARY = "libc++";
				CLANG_ENABLE_MODULES = YES;
				CLANG_ENABLE_OBJC_ARC = YES;
				CLANG_ENABLE_OBJC_WEAK = YES;
				CLANG_WARN_BLOCK_CAPTURE_AUTORELEASING = YES;
				CLANG_WARN_BOOL_CONVERSION = YES;
				CLANG_WARN_COMMA = YES;
				CLANG_WARN_CONSTANT_CONVERSION = YES;
				CLANG_WARN_DEPRECATED_OBJC_IMPLEMENTATIONS = YES;
				CLANG_WARN_DIRECT_OBJC_ISA_USAGE = YES_ERROR;
				CLANG_WARN_DOCUMENTATION_COMMENTS = YES;
				CLANG_WARN_EMPTY_BODY = YES;
				CLANG_WARN_ENUM_CONVERSION = YES;
				CLANG_WARN_INFINITE_RECURSION = YES;
				CLANG_WARN_INT_CONVERSION = YES;
				CLANG_WARN_NON_LITERAL_NULL_CONVERSION = YES;
				CLANG_WARN_OBJC_IMPLICIT_RETAIN_SELF = YES;
				CLANG_WARN_OBJC_LITERAL_CONVERSION = YES;
				CLANG_WARN_OBJC_ROOT_CLASS = YES_ERROR;
				CLANG_WARN_QUOTED_INCLUDE_IN_FRAMEWORK_HEADER = YES;
				CLANG_WARN_RANGE_LOOP_ANALYSIS = YES;
				CLANG_WARN_STRICT_PROTOTYPES = YES;
				CLANG_WARN_SUSPICIOUS_MOVE = YES;
				CLANG_WARN_UNGUARDED_AVAILABILITY = YES_AGGRESSIVE;
				CLANG_WARN_UNREACHABLE_CODE = YES;
				CLANG_WARN__DUPLICATE_METHOD_MATCH = YES;
				COPY_PHASE_STRIP = NO;
				DEBUG_INFORMATION_FORMAT = "dwarf-with-dsym";
				ENABLE_NS_ASSERTIONS = NO;
				ENABLE_STRICT_OBJC_MSGSEND = YES;
				GCC_C_LANGUAGE_STANDARD = gnu11;
				GCC_NO_COMMON_BLOCKS = YES;
				GCC_WARN_64_TO_32_BIT_CONVERSION = YES;
				GCC_WARN_ABOUT_RETURN_TYPE = YES_ERROR;
				GCC_WARN_UNDECLARED_SELECTOR = YES;
				GCC_WARN_UNINITIALIZED_AUTOS = YES_AGGRESSIVE;
				GCC_WARN_UNUSED_FUNCTION = YES;
				GCC_WARN_UNUSED_VARIABLE = YES;
				IPHONEOS_DEPLOYMENT_TARGET = 15.2;
				MTL_ENABLE_DEBUG_INFO = NO;
				MTL_FAST_MATH = YES;
				SDKROOT = iphoneos;
				SWIFT_COMPILATION_MODE = wholemodule;
				SWIFT_OPTIMIZATION_LEVEL = "-O";
				VALIDATE_PRODUCT = YES;
			};
			name = Release;
		};
		B2ED15D4279DD7C10073015F /* Debug */ = {
			isa = XCBuildConfiguration;
			buildSettings = {
				ASSETCATALOG_COMPILER_APPICON_NAME = AppIcon;
				ASSETCATALOG_COMPILER_GLOBAL_ACCENT_COLOR_NAME = AccentColor;
				CODE_SIGN_STYLE = Automatic;
				CURRENT_PROJECT_VERSION = 1;
				DEVELOPMENT_ASSET_PATHS = "\"Timer/Preview Content\"";
				ENABLE_PREVIEWS = YES;
				GENERATE_INFOPLIST_FILE = YES;
				INFOPLIST_KEY_UIApplicationSceneManifest_Generation = YES;
				INFOPLIST_KEY_UIApplicationSupportsIndirectInputEvents = YES;
				INFOPLIST_KEY_UILaunchScreen_Generation = YES;
				INFOPLIST_KEY_UISupportedInterfaceOrientations_iPad = "UIInterfaceOrientationPortrait UIInterfaceOrientationPortraitUpsideDown UIInterfaceOrientationLandscapeLeft UIInterfaceOrientationLandscapeRight";
				INFOPLIST_KEY_UISupportedInterfaceOrientations_iPhone = "UIInterfaceOrientationPortrait UIInterfaceOrientationLandscapeLeft UIInterfaceOrientationLandscapeRight";
				LD_RUNPATH_SEARCH_PATHS = (
					"$(inherited)",
					"@executable_path/Frameworks",
				);
				MARKETING_VERSION = 1.0;
				PRODUCT_BUNDLE_IDENTIFIER = "-.Timer";
				PRODUCT_NAME = "$(TARGET_NAME)";
				SWIFT_EMIT_LOC_STRINGS = YES;
				SWIFT_VERSION = 5.0;
				TARGETED_DEVICE_FAMILY = "1,2";
			};
			name = Debug;
		};
		B2ED15D5279DD7C10073015F /* Release */ = {
			isa = XCBuildConfiguration;
			buildSettings = {
				ASSETCATALOG_COMPILER_APPICON_NAME = AppIcon;
				ASSETCATALOG_COMPILER_GLOBAL_ACCENT_COLOR_NAME = AccentColor;
				CODE_SIGN_STYLE = Automatic;
				CURRENT_PROJECT_VERSION = 1;
				DEVELOPMENT_ASSET_PATHS = "\"Timer/Preview Content\"";
				ENABLE_PREVIEWS = YES;
				GENERATE_INFOPLIST_FILE = YES;
				INFOPLIST_KEY_UIApplicationSceneManifest_Generation = YES;
				INFOPLIST_KEY_UIApplicationSupportsIndirectInputEvents = YES;
				INFOPLIST_KEY_UILaunchScreen_Generation = YES;
				INFOPLIST_KEY_UISupportedInterfaceOrientations_iPad = "UIInterfaceOrientationPortrait UIInterfaceOrientationPortraitUpsideDown UIInterfaceOrientationLandscapeLeft UIInterfaceOrientationLandscapeRight";
				INFOPLIST_KEY_UISupportedInterfaceOrientations_iPhone = "UIInterfaceOrientationPortrait UIInterfaceOrientationLandscapeLeft UIInterfaceOrientationLandscapeRight";
				LD_RUNPATH_SEARCH_PATHS = (
					"$(inherited)",
					"@executable_path/Frameworks",
				);
				MARKETING_VERSION = 1.0;
				PRODUCT_BUNDLE_IDENTIFIER = "-.Timer";
				PRODUCT_NAME = "$(TARGET_NAME)";
				SWIFT_EMIT_LOC_STRINGS = YES;
				SWIFT_VERSION = 5.0;
				TARGETED_DEVICE_FAMILY = "1,2";
			};
			name = Release;
		};
		B2ED15D7279DD7C10073015F /* Debug */ = {
			isa = XCBuildConfiguration;
			buildSettings = {
				ALWAYS_EMBED_SWIFT_STANDARD_LIBRARIES = YES;
				BUNDLE_LOADER = "$(TEST_HOST)";
				CODE_SIGN_STYLE = Automatic;
				CURRENT_PROJECT_VERSION = 1;
				GENERATE_INFOPLIST_FILE = YES;
				IPHONEOS_DEPLOYMENT_TARGET = 15.2;
				MARKETING_VERSION = 1.0;
				PRODUCT_BUNDLE_IDENTIFIER = "-.TimerTests";
				PRODUCT_NAME = "$(TARGET_NAME)";
				SWIFT_EMIT_LOC_STRINGS = NO;
				SWIFT_VERSION = 5.0;
				TARGETED_DEVICE_FAMILY = "1,2";
				TEST_HOST = "$(BUILT_PRODUCTS_DIR)/Timer.app/Timer";
			};
			name = Debug;
		};
		B2ED15D8279DD7C10073015F /* Release */ = {
			isa = XCBuildConfiguration;
			buildSettings = {
				ALWAYS_EMBED_SWIFT_STANDARD_LIBRARIES = YES;
				BUNDLE_LOADER = "$(TEST_HOST)";
				CODE_SIGN_STYLE = Automatic;
				CURRENT_PROJECT_VERSION = 1;
				GENERATE_INFOPLIST_FILE = YES;
				IPHONEOS_DEPLOYMENT_TARGET = 15.2;
				MARKETING_VERSION = 1.0;
				PRODUCT_BUNDLE_IDENTIFIER = "-.TimerTests";
				PRODUCT_NAME = "$(TARGET_NAME)";
				SWIFT_EMIT_LOC_STRINGS = NO;
				SWIFT_VERSION = 5.0;
				TARGETED_DEVICE_FAMILY = "1,2";
				TEST_HOST = "$(BUILT_PRODUCTS_DIR)/Timer.app/Timer";
			};
			name = Release;
		};
		B2ED15DA279DD7C10073015F /* Debug */ = {
			isa = XCBuildConfiguration;
			buildSettings = {
				ALWAYS_EMBED_SWIFT_STANDARD_LIBRARIES = YES;
				CODE_SIGN_STYLE = Automatic;
				CURRENT_PROJECT_VERSION = 1;
				GENERATE_INFOPLIST_FILE = YES;
				MARKETING_VERSION = 1.0;
				PRODUCT_BUNDLE_IDENTIFIER = "-.TimerUITests";
				PRODUCT_NAME = "$(TARGET_NAME)";
				SWIFT_EMIT_LOC_STRINGS = NO;
				SWIFT_VERSION = 5.0;
				TARGETED_DEVICE_FAMILY = "1,2";
				TEST_TARGET_NAME = Timer;
			};
			name = Debug;
		};
		B2ED15DB279DD7C10073015F /* Release */ = {
			isa = XCBuildConfiguration;
			buildSettings = {
				ALWAYS_EMBED_SWIFT_STANDARD_LIBRARIES = YES;
				CODE_SIGN_STYLE = Automatic;
				CURRENT_PROJECT_VERSION = 1;
				GENERATE_INFOPLIST_FILE = YES;
				MARKETING_VERSION = 1.0;
				PRODUCT_BUNDLE_IDENTIFIER = "-.TimerUITests";
				PRODUCT_NAME = "$(TARGET_NAME)";
				SWIFT_EMIT_LOC_STRINGS = NO;
				SWIFT_VERSION = 5.0;
				TARGETED_DEVICE_FAMILY = "1,2";
				TEST_TARGET_NAME = Timer;
			};
			name = Release;
		};
/* End XCBuildConfiguration section */

/* Begin XCConfigurationList section */
		B2ED15AA279DD7BD0073015F /* Build configuration list for PBXProject "Timer" */ = {
			isa = XCConfigurationList;
			buildConfigurations = (
				B2ED15D1279DD7C10073015F /* Debug */,
				B2ED15D2279DD7C10073015F /* Release */,
			);
			defaultConfigurationIsVisible = 0;
			defaultConfigurationName = Release;
		};
		B2ED15D3279DD7C10073015F /* Build configuration list for PBXNativeTarget "Timer" */ = {
			isa = XCConfigurationList;
			buildConfigurations = (
				B2ED15D4279DD7C10073015F /* Debug */,
				B2ED15D5279DD7C10073015F /* Release */,
			);
			defaultConfigurationIsVisible = 0;
			defaultConfigurationName = Release;
		};
		B2ED15D6279DD7C10073015F /* Build configuration list for PBXNativeTarget "TimerTests" */ = {
			isa = XCConfigurationList;
			buildConfigurations = (
				B2ED15D7279DD7C10073015F /* Debug */,
				B2ED15D8279DD7C10073015F /* Release */,
			);
			defaultConfigurationIsVisible = 0;
			defaultConfigurationName = Release;
		};
		B2ED15D9279DD7C10073015F /* Build configuration list for PBXNativeTarget "TimerUITests" */ = {
			isa = XCConfigurationList;
			buildConfigurations = (
				B2ED15DA279DD7C10073015F /* Debug */,
				B2ED15DB279DD7C10073015F /* Release */,
			);
			defaultConfigurationIsVisible = 0;
			defaultConfigurationName = Release;
		};
/* End XCConfigurationList section */
	};
	rootObject = B2ED15A7279DD7BD0073015F /* Project object */;
}
