// !$*UTF8*$!
{
	archiveVersion = 1;
	classes = {
	};
	objectVersion = 55;
	objects = {

/* Begin PBXBuildFile section */
		B2A724E727D7E97800FB22EA /* TwitterScreenApp.swift in Sources */ = {isa = PBXBuildFile; fileRef = B2A724E627D7E97800FB22EA /* TwitterScreenApp.swift */; };
		B2A724E927D7E97800FB22EA /*  .swift in Sources */ = {isa = PBXBuildFile; fileRef = B2A724E827D7E97800FB22EA /*  .swift */; };
		B2A724EB27D7E97900FB22EA /* Assets.xcassets in Resources */ = {isa = PBXBuildFile; fileRef = B2A724EA27D7E97900FB22EA /* Assets.xcassets */; };
		B2A724EE27D7E97900FB22EA /* Preview Assets.xcassets in Resources */ = {isa = PBXBuildFile; fileRef = B2A724ED27D7E97900FB22EA /* Preview Assets.xcassets */; };
		B2A724F827D7E97900FB22EA /* TwitterScreenTests.swift in Sources */ = {isa = PBXBuildFile; fileRef = B2A724F727D7E97900FB22EA /* TwitterScreenTests.swift */; };
		B2A7250227D7E97900FB22EA /* TwitterScreenUITests.swift in Sources */ = {isa = PBXBuildFile; fileRef = B2A7250127D7E97900FB22EA /* TwitterScreenUITests.swift */; };
		B2A7250427D7E97900FB22EA /* TwitterScreenUITestsLaunchTests.swift in Sources */ = {isa = PBXBuildFile; fileRef = B2A7250327D7E97900FB22EA /* TwitterScreenUITestsLaunchTests.swift */; };
/* End PBXBuildFile section */

/* Begin PBXContainerItemProxy section */
		B2A724F427D7E97900FB22EA /* PBXContainerItemProxy */ = {
			isa = PBXContainerItemProxy;
			containerPortal = B2A724DB27D7E97700FB22EA /* Project object */;
			proxyType = 1;
			remoteGlobalIDString = B2A724E227D7E97700FB22EA;
			remoteInfo = TwitterScreen;
		};
		B2A724FE27D7E97900FB22EA /* PBXContainerItemProxy */ = {
			isa = PBXContainerItemProxy;
			containerPortal = B2A724DB27D7E97700FB22EA /* Project object */;
			proxyType = 1;
			remoteGlobalIDString = B2A724E227D7E97700FB22EA;
			remoteInfo = TwitterScreen;
		};
/* End PBXContainerItemProxy section */

/* Begin PBXFileReference section */
		B2A724E327D7E97800FB22EA /* TwitterScreen.app */ = {isa = PBXFileReference; explicitFileType = wrapper.application; includeInIndex = 0; path = TwitterScreen.app; sourceTree = BUILT_PRODUCTS_DIR; };
		B2A724E627D7E97800FB22EA /* TwitterScreenApp.swift */ = {isa = PBXFileReference; lastKnownFileType = sourcecode.swift; path = TwitterScreenApp.swift; sourceTree = "<group>"; };
		B2A724E827D7E97800FB22EA /*  .swift */ = {isa = PBXFileReference; lastKnownFileType = sourcecode.swift; path = " .swift"; sourceTree = "<group>"; };
		B2A724EA27D7E97900FB22EA /* Assets.xcassets */ = {isa = PBXFileReference; lastKnownFileType = folder.assetcatalog; path = Assets.xcassets; sourceTree = "<group>"; };
		B2A724ED27D7E97900FB22EA /* Preview Assets.xcassets */ = {isa = PBXFileReference; lastKnownFileType = folder.assetcatalog; path = "Preview Assets.xcassets"; sourceTree = "<group>"; };
		B2A724F327D7E97900FB22EA /* TwitterScreenTests.xctest */ = {isa = PBXFileReference; explicitFileType = wrapper.cfbundle; includeInIndex = 0; path = TwitterScreenTests.xctest; sourceTree = BUILT_PRODUCTS_DIR; };
		B2A724F727D7E97900FB22EA /* TwitterScreenTests.swift */ = {isa = PBXFileReference; lastKnownFileType = sourcecode.swift; path = TwitterScreenTests.swift; sourceTree = "<group>"; };
		B2A724FD27D7E97900FB22EA /* TwitterScreenUITests.xctest */ = {isa = PBXFileReference; explicitFileType = wrapper.cfbundle; includeInIndex = 0; path = TwitterScreenUITests.xctest; sourceTree = BUILT_PRODUCTS_DIR; };
		B2A7250127D7E97900FB22EA /* TwitterScreenUITests.swift */ = {isa = PBXFileReference; lastKnownFileType = sourcecode.swift; path = TwitterScreenUITests.swift; sourceTree = "<group>"; };
		B2A7250327D7E97900FB22EA /* TwitterScreenUITestsLaunchTests.swift */ = {isa = PBXFileReference; lastKnownFileType = sourcecode.swift; path = TwitterScreenUITestsLaunchTests.swift; sourceTree = "<group>"; };
/* End PBXFileReference section */

/* Begin PBXFrameworksBuildPhase section */
		B2A724E027D7E97700FB22EA /* Frameworks */ = {
			isa = PBXFrameworksBuildPhase;
			buildActionMask = 2147483647;
			files = (
			);
			runOnlyForDeploymentPostprocessing = 0;
		};
		B2A724F027D7E97900FB22EA /* Frameworks */ = {
			isa = PBXFrameworksBuildPhase;
			buildActionMask = 2147483647;
			files = (
			);
			runOnlyForDeploymentPostprocessing = 0;
		};
		B2A724FA27D7E97900FB22EA /* Frameworks */ = {
			isa = PBXFrameworksBuildPhase;
			buildActionMask = 2147483647;
			files = (
			);
			runOnlyForDeploymentPostprocessing = 0;
		};
/* End PBXFrameworksBuildPhase section */

/* Begin PBXGroup section */
		B2A724DA27D7E97700FB22EA = {
			isa = PBXGroup;
			children = (
				B2A724E527D7E97800FB22EA /* TwitterScreen */,
				B2A724F627D7E97900FB22EA /* TwitterScreenTests */,
				B2A7250027D7E97900FB22EA /* TwitterScreenUITests */,
				B2A724E427D7E97800FB22EA /* Products */,
			);
			sourceTree = "<group>";
		};
		B2A724E427D7E97800FB22EA /* Products */ = {
			isa = PBXGroup;
			children = (
				B2A724E327D7E97800FB22EA /* TwitterScreen.app */,
				B2A724F327D7E97900FB22EA /* TwitterScreenTests.xctest */,
				B2A724FD27D7E97900FB22EA /* TwitterScreenUITests.xctest */,
			);
			name = Products;
			sourceTree = "<group>";
		};
		B2A724E527D7E97800FB22EA /* TwitterScreen */ = {
			isa = PBXGroup;
			children = (
				B2A724E627D7E97800FB22EA /* TwitterScreenApp.swift */,
				B2A724E827D7E97800FB22EA /*  .swift */,
				B2A724EA27D7E97900FB22EA /* Assets.xcassets */,
				B2A724EC27D7E97900FB22EA /* Preview Content */,
			);
			path = TwitterScreen;
			sourceTree = "<group>";
		};
		B2A724EC27D7E97900FB22EA /* Preview Content */ = {
			isa = PBXGroup;
			children = (
				B2A724ED27D7E97900FB22EA /* Preview Assets.xcassets */,
			);
			path = "Preview Content";
			sourceTree = "<group>";
		};
		B2A724F627D7E97900FB22EA /* TwitterScreenTests */ = {
			isa = PBXGroup;
			children = (
				B2A724F727D7E97900FB22EA /* TwitterScreenTests.swift */,
			);
			path = TwitterScreenTests;
			sourceTree = "<group>";
		};
		B2A7250027D7E97900FB22EA /* TwitterScreenUITests */ = {
			isa = PBXGroup;
			children = (
				B2A7250127D7E97900FB22EA /* TwitterScreenUITests.swift */,
				B2A7250327D7E97900FB22EA /* TwitterScreenUITestsLaunchTests.swift */,
			);
			path = TwitterScreenUITests;
			sourceTree = "<group>";
		};
/* End PBXGroup section */

/* Begin PBXNativeTarget section */
		B2A724E227D7E97700FB22EA /* TwitterScreen */ = {
			isa = PBXNativeTarget;
			buildConfigurationList = B2A7250727D7E97900FB22EA /* Build configuration list for PBXNativeTarget "TwitterScreen" */;
			buildPhases = (
				B2A724DF27D7E97700FB22EA /* Sources */,
				B2A724E027D7E97700FB22EA /* Frameworks */,
				B2A724E127D7E97700FB22EA /* Resources */,
			);
			buildRules = (
			);
			dependencies = (
			);
			name = TwitterScreen;
			productName = TwitterScreen;
			productReference = B2A724E327D7E97800FB22EA /* TwitterScreen.app */;
			productType = "com.apple.product-type.application";
		};
		B2A724F227D7E97900FB22EA /* TwitterScreenTests */ = {
			isa = PBXNativeTarget;
			buildConfigurationList = B2A7250A27D7E97900FB22EA /* Build configuration list for PBXNativeTarget "TwitterScreenTests" */;
			buildPhases = (
				B2A724EF27D7E97900FB22EA /* Sources */,
				B2A724F027D7E97900FB22EA /* Frameworks */,
				B2A724F127D7E97900FB22EA /* Resources */,
			);
			buildRules = (
			);
			dependencies = (
				B2A724F527D7E97900FB22EA /* PBXTargetDependency */,
			);
			name = TwitterScreenTests;
			productName = TwitterScreenTests;
			productReference = B2A724F327D7E97900FB22EA /* TwitterScreenTests.xctest */;
			productType = "com.apple.product-type.bundle.unit-test";
		};
		B2A724FC27D7E97900FB22EA /* TwitterScreenUITests */ = {
			isa = PBXNativeTarget;
			buildConfigurationList = B2A7250D27D7E97900FB22EA /* Build configuration list for PBXNativeTarget "TwitterScreenUITests" */;
			buildPhases = (
				B2A724F927D7E97900FB22EA /* Sources */,
				B2A724FA27D7E97900FB22EA /* Frameworks */,
				B2A724FB27D7E97900FB22EA /* Resources */,
			);
			buildRules = (
			);
			dependencies = (
				B2A724FF27D7E97900FB22EA /* PBXTargetDependency */,
			);
			name = TwitterScreenUITests;
			productName = TwitterScreenUITests;
			productReference = B2A724FD27D7E97900FB22EA /* TwitterScreenUITests.xctest */;
			productType = "com.apple.product-type.bundle.ui-testing";
		};
/* End PBXNativeTarget section */

/* Begin PBXProject section */
		B2A724DB27D7E97700FB22EA /* Project object */ = {
			isa = PBXProject;
			attributes = {
				BuildIndependentTargetsInParallel = 1;
				LastSwiftUpdateCheck = 1320;
				LastUpgradeCheck = 1320;
				TargetAttributes = {
					B2A724E227D7E97700FB22EA = {
						CreatedOnToolsVersion = 13.2.1;
					};
					B2A724F227D7E97900FB22EA = {
						CreatedOnToolsVersion = 13.2.1;
						TestTargetID = B2A724E227D7E97700FB22EA;
					};
					B2A724FC27D7E97900FB22EA = {
						CreatedOnToolsVersion = 13.2.1;
						TestTargetID = B2A724E227D7E97700FB22EA;
					};
				};
			};
			buildConfigurationList = B2A724DE27D7E97700FB22EA /* Build configuration list for PBXProject "TwitterScreen" */;
			compatibilityVersion = "Xcode 13.0";
			developmentRegion = en;
			hasScannedForEncodings = 0;
			knownRegions = (
				en,
				Base,
			);
			mainGroup = B2A724DA27D7E97700FB22EA;
			productRefGroup = B2A724E427D7E97800FB22EA /* Products */;
			projectDirPath = "";
			projectRoot = "";
			targets = (
				B2A724E227D7E97700FB22EA /* TwitterScreen */,
				B2A724F227D7E97900FB22EA /* TwitterScreenTests */,
				B2A724FC27D7E97900FB22EA /* TwitterScreenUITests */,
			);
		};
/* End PBXProject section */

/* Begin PBXResourcesBuildPhase section */
		B2A724E127D7E97700FB22EA /* Resources */ = {
			isa = PBXResourcesBuildPhase;
			buildActionMask = 2147483647;
			files = (
				B2A724EE27D7E97900FB22EA /* Preview Assets.xcassets in Resources */,
				B2A724EB27D7E97900FB22EA /* Assets.xcassets in Resources */,
			);
			runOnlyForDeploymentPostprocessing = 0;
		};
		B2A724F127D7E97900FB22EA /* Resources */ = {
			isa = PBXResourcesBuildPhase;
			buildActionMask = 2147483647;
			files = (
			);
			runOnlyForDeploymentPostprocessing = 0;
		};
		B2A724FB27D7E97900FB22EA /* Resources */ = {
			isa = PBXResourcesBuildPhase;
			buildActionMask = 2147483647;
			files = (
			);
			runOnlyForDeploymentPostprocessing = 0;
		};
/* End PBXResourcesBuildPhase section */

/* Begin PBXSourcesBuildPhase section */
		B2A724DF27D7E97700FB22EA /* Sources */ = {
			isa = PBXSourcesBuildPhase;
			buildActionMask = 2147483647;
			files = (
				B2A724E927D7E97800FB22EA /*  .swift in Sources */,
				B2A724E727D7E97800FB22EA /* TwitterScreenApp.swift in Sources */,
			);
			runOnlyForDeploymentPostprocessing = 0;
		};
		B2A724EF27D7E97900FB22EA /* Sources */ = {
			isa = PBXSourcesBuildPhase;
			buildActionMask = 2147483647;
			files = (
				B2A724F827D7E97900FB22EA /* TwitterScreenTests.swift in Sources */,
			);
			runOnlyForDeploymentPostprocessing = 0;
		};
		B2A724F927D7E97900FB22EA /* Sources */ = {
			isa = PBXSourcesBuildPhase;
			buildActionMask = 2147483647;
			files = (
				B2A7250427D7E97900FB22EA /* TwitterScreenUITestsLaunchTests.swift in Sources */,
				B2A7250227D7E97900FB22EA /* TwitterScreenUITests.swift in Sources */,
			);
			runOnlyForDeploymentPostprocessing = 0;
		};
/* End PBXSourcesBuildPhase section */

/* Begin PBXTargetDependency section */
		B2A724F527D7E97900FB22EA /* PBXTargetDependency */ = {
			isa = PBXTargetDependency;
			target = B2A724E227D7E97700FB22EA /* TwitterScreen */;
			targetProxy = B2A724F427D7E97900FB22EA /* PBXContainerItemProxy */;
		};
		B2A724FF27D7E97900FB22EA /* PBXTargetDependency */ = {
			isa = PBXTargetDependency;
			target = B2A724E227D7E97700FB22EA /* TwitterScreen */;
			targetProxy = B2A724FE27D7E97900FB22EA /* PBXContainerItemProxy */;
		};
/* End PBXTargetDependency section */

/* Begin XCBuildConfiguration section */
		B2A7250527D7E97900FB22EA /* Debug */ = {
			isa = XCBuildConfiguration;
			buildSettings = {
				ALWAYS_SEARCH_USER_PATHS = NO;
				CLANG_ANALYZER_NONNULL = YES;
				CLANG_ANALYZER_NUMBER_OBJECT_CONVERSION = YES_AGGRESSIVE;
				CLANG_CXX_LANGUAGE_STANDARD = "gnu++17";
				CLANG_CXX_LIBRARY = "libc++";
				CLANG_ENABLE_MODULES = YES;
				CLANG_ENABLE_OBJC_ARC = YES;
				CLANG_ENABLE_OBJC_WEAK = YES;
				CLANG_WARN_BLOCK_CAPTURE_AUTORELEASING = YES;
				CLANG_WARN_BOOL_CONVERSION = YES;
				CLANG_WARN_COMMA = YES;
				CLANG_WARN_CONSTANT_CONVERSION = YES;
				CLANG_WARN_DEPRECATED_OBJC_IMPLEMENTATIONS = YES;
				CLANG_WARN_DIRECT_OBJC_ISA_USAGE = YES_ERROR;
				CLANG_WARN_DOCUMENTATION_COMMENTS = YES;
				CLANG_WARN_EMPTY_BODY = YES;
				CLANG_WARN_ENUM_CONVERSION = YES;
				CLANG_WARN_INFINITE_RECURSION = YES;
				CLANG_WARN_INT_CONVERSION = YES;
				CLANG_WARN_NON_LITERAL_NULL_CONVERSION = YES;
				CLANG_WARN_OBJC_IMPLICIT_RETAIN_SELF = YES;
				CLANG_WARN_OBJC_LITERAL_CONVERSION = YES;
				CLANG_WARN_OBJC_ROOT_CLASS = YES_ERROR;
				CLANG_WARN_QUOTED_INCLUDE_IN_FRAMEWORK_HEADER = YES;
				CLANG_WARN_RANGE_LOOP_ANALYSIS = YES;
				CLANG_WARN_STRICT_PROTOTYPES = YES;
				CLANG_WARN_SUSPICIOUS_MOVE = YES;
				CLANG_WARN_UNGUARDED_AVAILABILITY = YES_AGGRESSIVE;
				CLANG_WARN_UNREACHABLE_CODE = YES;
				CLANG_WARN__DUPLICATE_METHOD_MATCH = YES;
				COPY_PHASE_STRIP = NO;
				DEBUG_INFORMATION_FORMAT = dwarf;
				ENABLE_STRICT_OBJC_MSGSEND = YES;
				ENABLE_TESTABILITY = YES;
				GCC_C_LANGUAGE_STANDARD = gnu11;
				GCC_DYNAMIC_NO_PIC = NO;
				GCC_NO_COMMON_BLOCKS = YES;
				GCC_OPTIMIZATION_LEVEL = 0;
				GCC_PREPROCESSOR_DEFINITIONS = (
					"DEBUG=1",
					"$(inherited)",
				);
				GCC_WARN_64_TO_32_BIT_CONVERSION = YES;
				GCC_WARN_ABOUT_RETURN_TYPE = YES_ERROR;
				GCC_WARN_UNDECLARED_SELECTOR = YES;
				GCC_WARN_UNINITIALIZED_AUTOS = YES_AGGRESSIVE;
				GCC_WARN_UNUSED_FUNCTION = YES;
				GCC_WARN_UNUSED_VARIABLE = YES;
				IPHONEOS_DEPLOYMENT_TARGET = 15.2;
				MTL_ENABLE_DEBUG_INFO = INCLUDE_SOURCE;
				MTL_FAST_MATH = YES;
				ONLY_ACTIVE_ARCH = YES;
				SDKROOT = iphoneos;
				SWIFT_ACTIVE_COMPILATION_CONDITIONS = DEBUG;
				SWIFT_OPTIMIZATION_LEVEL = "-Onone";
			};
			name = Debug;
		};
		B2A7250627D7E97900FB22EA /* Release */ = {
			isa = XCBuildConfiguration;
			buildSettings = {
				ALWAYS_SEARCH_USER_PATHS = NO;
				CLANG_ANALYZER_NONNULL = YES;
				CLANG_ANALYZER_NUMBER_OBJECT_CONVERSION = YES_AGGRESSIVE;
				CLANG_CXX_LANGUAGE_STANDARD = "gnu++17";
				CLANG_CXX_LIBRARY = "libc++";
				CLANG_ENABLE_MODULES = YES;
				CLANG_ENABLE_OBJC_ARC = YES;
				CLANG_ENABLE_OBJC_WEAK = YES;
				CLANG_WARN_BLOCK_CAPTURE_AUTORELEASING = YES;
				CLANG_WARN_BOOL_CONVERSION = YES;
				CLANG_WARN_COMMA = YES;
				CLANG_WARN_CONSTANT_CONVERSION = YES;
				CLANG_WARN_DEPRECATED_OBJC_IMPLEMENTATIONS = YES;
				CLANG_WARN_DIRECT_OBJC_ISA_USAGE = YES_ERROR;
				CLANG_WARN_DOCUMENTATION_COMMENTS = YES;
				CLANG_WARN_EMPTY_BODY = YES;
				CLANG_WARN_ENUM_CONVERSION = YES;
				CLANG_WARN_INFINITE_RECURSION = YES;
				CLANG_WARN_INT_CONVERSION = YES;
				CLANG_WARN_NON_LITERAL_NULL_CONVERSION = YES;
				CLANG_WARN_OBJC_IMPLICIT_RETAIN_SELF = YES;
				CLANG_WARN_OBJC_LITERAL_CONVERSION = YES;
				CLANG_WARN_OBJC_ROOT_CLASS = YES_ERROR;
				CLANG_WARN_QUOTED_INCLUDE_IN_FRAMEWORK_HEADER = YES;
				CLANG_WARN_RANGE_LOOP_ANALYSIS = YES;
				CLANG_WARN_STRICT_PROTOTYPES = YES;
				CLANG_WARN_SUSPICIOUS_MOVE = YES;
				CLANG_WARN_UNGUARDED_AVAILABILITY = YES_AGGRESSIVE;
				CLANG_WARN_UNREACHABLE_CODE = YES;
				CLANG_WARN__DUPLICATE_METHOD_MATCH = YES;
				COPY_PHASE_STRIP = NO;
				DEBUG_INFORMATION_FORMAT = "dwarf-with-dsym";
				ENABLE_NS_ASSERTIONS = NO;
				ENABLE_STRICT_OBJC_MSGSEND = YES;
				GCC_C_LANGUAGE_STANDARD = gnu11;
				GCC_NO_COMMON_BLOCKS = YES;
				GCC_WARN_64_TO_32_BIT_CONVERSION = YES;
				GCC_WARN_ABOUT_RETURN_TYPE = YES_ERROR;
				GCC_WARN_UNDECLARED_SELECTOR = YES;
				GCC_WARN_UNINITIALIZED_AUTOS = YES_AGGRESSIVE;
				GCC_WARN_UNUSED_FUNCTION = YES;
				GCC_WARN_UNUSED_VARIABLE = YES;
				IPHONEOS_DEPLOYMENT_TARGET = 15.2;
				MTL_ENABLE_DEBUG_INFO = NO;
				MTL_FAST_MATH = YES;
				SDKROOT = iphoneos;
				SWIFT_COMPILATION_MODE = wholemodule;
				SWIFT_OPTIMIZATION_LEVEL = "-O";
				VALIDATE_PRODUCT = YES;
			};
			name = Release;
		};
		B2A7250827D7E97900FB22EA /* Debug */ = {
			isa = XCBuildConfiguration;
			buildSettings = {
				ASSETCATALOG_COMPILER_APPICON_NAME = AppIcon;
				ASSETCATALOG_COMPILER_GLOBAL_ACCENT_COLOR_NAME = AccentColor;
				CODE_SIGN_STYLE = Automatic;
				CURRENT_PROJECT_VERSION = 1;
				DEVELOPMENT_ASSET_PATHS = "\"TwitterScreen/Preview Content\"";
				ENABLE_PREVIEWS = YES;
				GENERATE_INFOPLIST_FILE = YES;
				INFOPLIST_KEY_UIApplicationSceneManifest_Generation = YES;
				INFOPLIST_KEY_UIApplicationSupportsIndirectInputEvents = YES;
				INFOPLIST_KEY_UILaunchScreen_Generation = YES;
				INFOPLIST_KEY_UISupportedInterfaceOrientations_iPad = "UIInterfaceOrientationPortrait UIInterfaceOrientationPortraitUpsideDown UIInterfaceOrientationLandscapeLeft UIInterfaceOrientationLandscapeRight";
				INFOPLIST_KEY_UISupportedInterfaceOrientations_iPhone = "UIInterfaceOrientationPortrait UIInterfaceOrientationLandscapeLeft UIInterfaceOrientationLandscapeRight";
				LD_RUNPATH_SEARCH_PATHS = (
					"$(inherited)",
					"@executable_path/Frameworks",
				);
				MARKETING_VERSION = 1.0;
				PRODUCT_BUNDLE_IDENTIFIER = "-.TwitterScreen";
				PRODUCT_NAME = "$(TARGET_NAME)";
				SWIFT_EMIT_LOC_STRINGS = YES;
				SWIFT_VERSION = 5.0;
				TARGETED_DEVICE_FAMILY = "1,2";
			};
			name = Debug;
		};
		B2A7250927D7E97900FB22EA /* Release */ = {
			isa = XCBuildConfiguration;
			buildSettings = {
				ASSETCATALOG_COMPILER_APPICON_NAME = AppIcon;
				ASSETCATALOG_COMPILER_GLOBAL_ACCENT_COLOR_NAME = AccentColor;
				CODE_SIGN_STYLE = Automatic;
				CURRENT_PROJECT_VERSION = 1;
				DEVELOPMENT_ASSET_PATHS = "\"TwitterScreen/Preview Content\"";
				ENABLE_PREVIEWS = YES;
				GENERATE_INFOPLIST_FILE = YES;
				INFOPLIST_KEY_UIApplicationSceneManifest_Generation = YES;
				INFOPLIST_KEY_UIApplicationSupportsIndirectInputEvents = YES;
				INFOPLIST_KEY_UILaunchScreen_Generation = YES;
				INFOPLIST_KEY_UISupportedInterfaceOrientations_iPad = "UIInterfaceOrientationPortrait UIInterfaceOrientationPortraitUpsideDown UIInterfaceOrientationLandscapeLeft UIInterfaceOrientationLandscapeRight";
				INFOPLIST_KEY_UISupportedInterfaceOrientations_iPhone = "UIInterfaceOrientationPortrait UIInterfaceOrientationLandscapeLeft UIInterfaceOrientationLandscapeRight";
				LD_RUNPATH_SEARCH_PATHS = (
					"$(inherited)",
					"@executable_path/Frameworks",
				);
				MARKETING_VERSION = 1.0;
				PRODUCT_BUNDLE_IDENTIFIER = "-.TwitterScreen";
				PRODUCT_NAME = "$(TARGET_NAME)";
				SWIFT_EMIT_LOC_STRINGS = YES;
				SWIFT_VERSION = 5.0;
				TARGETED_DEVICE_FAMILY = "1,2";
			};
			name = Release;
		};
		B2A7250B27D7E97900FB22EA /* Debug */ = {
			isa = XCBuildConfiguration;
			buildSettings = {
				ALWAYS_EMBED_SWIFT_STANDARD_LIBRARIES = YES;
				BUNDLE_LOADER = "$(TEST_HOST)";
				CODE_SIGN_STYLE = Automatic;
				CURRENT_PROJECT_VERSION = 1;
				GENERATE_INFOPLIST_FILE = YES;
				IPHONEOS_DEPLOYMENT_TARGET = 15.2;
				MARKETING_VERSION = 1.0;
				PRODUCT_BUNDLE_IDENTIFIER = "-.TwitterScreenTests";
				PRODUCT_NAME = "$(TARGET_NAME)";
				SWIFT_EMIT_LOC_STRINGS = NO;
				SWIFT_VERSION = 5.0;
				TARGETED_DEVICE_FAMILY = "1,2";
				TEST_HOST = "$(BUILT_PRODUCTS_DIR)/TwitterScreen.app/TwitterScreen";
			};
			name = Debug;
		};
		B2A7250C27D7E97900FB22EA /* Release */ = {
			isa = XCBuildConfiguration;
			buildSettings = {
				ALWAYS_EMBED_SWIFT_STANDARD_LIBRARIES = YES;
				BUNDLE_LOADER = "$(TEST_HOST)";
				CODE_SIGN_STYLE = Automatic;
				CURRENT_PROJECT_VERSION = 1;
				GENERATE_INFOPLIST_FILE = YES;
				IPHONEOS_DEPLOYMENT_TARGET = 15.2;
				MARKETING_VERSION = 1.0;
				PRODUCT_BUNDLE_IDENTIFIER = "-.TwitterScreenTests";
				PRODUCT_NAME = "$(TARGET_NAME)";
				SWIFT_EMIT_LOC_STRINGS = NO;
				SWIFT_VERSION = 5.0;
				TARGETED_DEVICE_FAMILY = "1,2";
				TEST_HOST = "$(BUILT_PRODUCTS_DIR)/TwitterScreen.app/TwitterScreen";
			};
			name = Release;
		};
		B2A7250E27D7E97900FB22EA /* Debug */ = {
			isa = XCBuildConfiguration;
			buildSettings = {
				ALWAYS_EMBED_SWIFT_STANDARD_LIBRARIES = YES;
				CODE_SIGN_STYLE = Automatic;
				CURRENT_PROJECT_VERSION = 1;
				GENERATE_INFOPLIST_FILE = YES;
				MARKETING_VERSION = 1.0;
				PRODUCT_BUNDLE_IDENTIFIER = "-.TwitterScreenUITests";
				PRODUCT_NAME = "$(TARGET_NAME)";
				SWIFT_EMIT_LOC_STRINGS = NO;
				SWIFT_VERSION = 5.0;
				TARGETED_DEVICE_FAMILY = "1,2";
				TEST_TARGET_NAME = TwitterScreen;
			};
			name = Debug;
		};
		B2A7250F27D7E97900FB22EA /* Release */ = {
			isa = XCBuildConfiguration;
			buildSettings = {
				ALWAYS_EMBED_SWIFT_STANDARD_LIBRARIES = YES;
				CODE_SIGN_STYLE = Automatic;
				CURRENT_PROJECT_VERSION = 1;
				GENERATE_INFOPLIST_FILE = YES;
				MARKETING_VERSION = 1.0;
				PRODUCT_BUNDLE_IDENTIFIER = "-.TwitterScreenUITests";
				PRODUCT_NAME = "$(TARGET_NAME)";
				SWIFT_EMIT_LOC_STRINGS = NO;
				SWIFT_VERSION = 5.0;
				TARGETED_DEVICE_FAMILY = "1,2";
				TEST_TARGET_NAME = TwitterScreen;
			};
			name = Release;
		};
/* End XCBuildConfiguration section */

/* Begin XCConfigurationList section */
		B2A724DE27D7E97700FB22EA /* Build configuration list for PBXProject "TwitterScreen" */ = {
			isa = XCConfigurationList;
			buildConfigurations = (
				B2A7250527D7E97900FB22EA /* Debug */,
				B2A7250627D7E97900FB22EA /* Release */,
			);
			defaultConfigurationIsVisible = 0;
			defaultConfigurationName = Release;
		};
		B2A7250727D7E97900FB22EA /* Build configuration list for PBXNativeTarget "TwitterScreen" */ = {
			isa = XCConfigurationList;
			buildConfigurations = (
				B2A7250827D7E97900FB22EA /* Debug */,
				B2A7250927D7E97900FB22EA /* Release */,
			);
			defaultConfigurationIsVisible = 0;
			defaultConfigurationName = Release;
		};
		B2A7250A27D7E97900FB22EA /* Build configuration list for PBXNativeTarget "TwitterScreenTests" */ = {
			isa = XCConfigurationList;
			buildConfigurations = (
				B2A7250B27D7E97900FB22EA /* Debug */,
				B2A7250C27D7E97900FB22EA /* Release */,
			);
			defaultConfigurationIsVisible = 0;
			defaultConfigurationName = Release;
		};
		B2A7250D27D7E97900FB22EA /* Build configuration list for PBXNativeTarget "TwitterScreenUITests" */ = {
			isa = XCConfigurationList;
			buildConfigurations = (
				B2A7250E27D7E97900FB22EA /* Debug */,
				B2A7250F27D7E97900FB22EA /* Release */,
			);
			defaultConfigurationIsVisible = 0;
			defaultConfigurationName = Release;
		};
/* End XCConfigurationList section */
	};
	rootObject = B2A724DB27D7E97700FB22EA /* Project object */;
}
